Microsoft Visual Studio Solution File, Format Version 12.00
# Visual Studio Version 17
VisualStudioVersion = 17.1.32328.378
MinimumVisualStudioVersion = 10.0.40219.1
Project("{FAE04EC0-301F-11D3-BF4B-00C04F79EFBC}") = "AudioSwitcherPlugin", "AudioSwitcherPlugin\AudioSwitcherPlugin.csproj", "{CFE841B6-5349-410A-8381-E07E4C12D067}"
EndProject
Project("{2150E333-8FDC-42A3-9474-1A3956D46DE8}") = "Solution Items", "Solution Items", "{64CAEA0F-821A-4D75-800F-A11519D96915}"
	ProjectSection(SolutionItems) = preProject
		.editorconfig = .editorconfig
		.gitattributes = .gitattributes
		.gitignore = .gitignore
		build-plugin.ps1 = build-plugin.ps1
		Directory.Build.props = Directory.Build.props
		LICENSE = LICENSE
		LoupedeckPackage.yaml = LoupedeckPackage.yaml
		README.md = README.md
	EndProjectSection
EndProject
Project("{2150E333-8FDC-42A3-9474-1A3956D46DE8}") = ".github", ".github", "{8C5B3BB4-1634-4AD8-87AE-C8F1F776130D}"
	ProjectSection(SolutionItems) = preProject
		.github\ISSUE_TEMPLATE.md = .github\ISSUE_TEMPLATE.md
		.github\PULL_REQUEST_TEMPLATE.md = .github\PULL_REQUEST_TEMPLATE.md
	EndProjectSection
EndProject
Global
	GlobalSection(SolutionConfigurationPlatforms) = preSolution
		Debug|Any CPU = Debug|Any CPU
		Release|Any CPU = Release|Any CPU
	EndGlobalSection
	GlobalSection(ProjectConfigurationPlatforms) = postSolution
		{CFE841B6-5349-410A-8381-E07E4C12D067}.Debug|Any CPU.ActiveCfg = Debug|Any CPU
		{CFE841B6-5349-410A-8381-E07E4C12D067}.Debug|Any CPU.Build.0 = Debug|Any CPU
		{CFE841B6-5349-410A-8381-E07E4C12D067}.Release|Any CPU.ActiveCfg = Release|Any CPU
		{CFE841B6-5349-410A-8381-E07E4C12D067}.Release|Any CPU.Build.0 = Release|Any CPU
	EndGlobalSection
	GlobalSection(SolutionProperties) = preSolution
		HideSolutionNode = FALSE
	EndGlobalSection
	GlobalSection(ExtensibilityGlobals) = postSolution
		SolutionGuid = {B1CBAF9C-D688-4C24-85F1-80125BEDB77C}
	EndGlobalSection
EndGlobal
