Microsoft Visual Studio Solution File, Format Version 12.00
# Visual Studio Version 17
VisualStudioVersion = 17.8.34408.163
MinimumVisualStudioVersion = 10.0.40219.1
Project("{9A19103F-16F7-4668-BE54-9A1E7A4F7556}") = "Steinerd.AudioSwitcherPlugin", "Steinerd.AudioSwitcherPlugin\Steinerd.AudioSwitcherPlugin.csproj", "{E627C50A-0F88-45B5-9F07-93F8383FE83B}"
EndProject
Project("{2150E333-8FDC-42A3-9474-1A3956D46DE8}") = "Solution Items", "Solution Items", "{9066CC41-024C-4159-A675-BDA3F020AC59}"
	ProjectSection(SolutionItems) = preProject
		..\.gitignore = ..\.gitignore
		Steinerd.AudioSwitcherPlugin\build-plugin.ps1 = Steinerd.AudioSwitcherPlugin\build-plugin.ps1
		Directory.Build.props = Directory.Build.props
		..\LICENSE = ..\LICENSE
		..\README.md = ..\README.md
	EndProjectSection
EndProject
Global
	GlobalSection(SolutionConfigurationPlatforms) = preSolution
		Debug|Any CPU = Debug|Any CPU
		Release|Any CPU = Release|Any CPU
	EndGlobalSection
	GlobalSection(ProjectConfigurationPlatforms) = postSolution
		{E627C50A-0F88-45B5-9F07-93F8383FE83B}.Debug|Any CPU.ActiveCfg = Debug|Any CPU
		{E627C50A-0F88-45B5-9F07-93F8383FE83B}.Debug|Any CPU.Build.0 = Debug|Any CPU
		{E627C50A-0F88-45B5-9F07-93F8383FE83B}.Release|Any CPU.ActiveCfg = Release|Any CPU
		{E627C50A-0F88-45B5-9F07-93F8383FE83B}.Release|Any CPU.Build.0 = Release|Any CPU
	EndGlobalSection
	GlobalSection(SolutionProperties) = preSolution
		HideSolutionNode = FALSE
	EndGlobalSection
	GlobalSection(ExtensibilityGlobals) = postSolution
		SolutionGuid = {E1013608-F4CE-4B17-8769-4B52706A2061}
	EndGlobalSection
EndGlobal
